// !$*UTF8*$!
{
	archiveVersion = 1;
	classes = {
	};
	objectVersion = 51;
	objects = {

/* Begin PBXBuildFile section */
		3C1A3E36F0D50EFA86453903 /* Pods_Find_Balls.framework in Frameworks */ = {isa = PBXBuildFile; fileRef = 47D21CCF9CD67401CCAEF8B1 /* Pods_Find_Balls.framework */; };
		9E202951256D78A300A318BF /* AppDelegate.swift in Sources */ = {isa = PBXBuildFile; fileRef = 9E202950256D78A300A318BF /* AppDelegate.swift */; };
		9E202953256D78A300A318BF /* SceneDelegate.swift in Sources */ = {isa = PBXBuildFile; fileRef = 9E202952256D78A300A318BF /* SceneDelegate.swift */; };
		9E202955256D78A300A318BF /* ContentView.swift in Sources */ = {isa = PBXBuildFile; fileRef = 9E202954256D78A300A318BF /* ContentView.swift */; };
		9E20295A256D78AD00A318BF /* Preview Assets.xcassets in Resources */ = {isa = PBXBuildFile; fileRef = 9E202959256D78AD00A318BF /* Preview Assets.xcassets */; };
		9E20295D256D78AD00A318BF /* LaunchScreen.storyboard in Resources */ = {isa = PBXBuildFile; fileRef = 9E20295B256D78AD00A318BF /* LaunchScreen.storyboard */; };
		9E399CFD25828E3900C247B7 /* GKAuthenticationView.swift in Sources */ = {isa = PBXBuildFile; fileRef = 9E399CFC25828E3800C247B7 /* GKAuthenticationView.swift */; };
		9E399D402583FFA600C247B7 /* LoadingBackgroundView.swift in Sources */ = {isa = PBXBuildFile; fileRef = 9E399D3F2583FFA600C247B7 /* LoadingBackgroundView.swift */; };
		9E531CDD2579521C00776DEB /* GradientButtonStyle.swift in Sources */ = {isa = PBXBuildFile; fileRef = 9E531CDC2579521C00776DEB /* GradientButtonStyle.swift */; };
		9E5D89D3257BA6570098EF31 /* LottieView.swift in Sources */ = {isa = PBXBuildFile; fileRef = 9E5D89D2257BA6570098EF31 /* LottieView.swift */; };
		9E5D89D8257BA7370098EF31 /* LoadingContentView.swift in Sources */ = {isa = PBXBuildFile; fileRef = 9E5D89D7257BA7370098EF31 /* LoadingContentView.swift */; };
		9E5D89DB257BA77C0098EF31 /* Loading.json in Resources */ = {isa = PBXBuildFile; fileRef = 9E5D89DA257BA77C0098EF31 /* Loading.json */; };
		9E5D89DF257BB2620098EF31 /* LoadingView.swift in Sources */ = {isa = PBXBuildFile; fileRef = 9E5D89DE257BB2620098EF31 /* LoadingView.swift */; };
		9E5F62BE257A81A900119D83 /* Localizable.strings in Resources */ = {isa = PBXBuildFile; fileRef = 9E5F62C0257A81A900119D83 /* Localizable.strings */; };
		9E5F62C3257A861100119D83 /* LocalizableKeys.swift in Sources */ = {isa = PBXBuildFile; fileRef = 9E5F62C2257A861100119D83 /* LocalizableKeys.swift */; };
		9EA19B8D257CE6E80002516A /* FindBallsApp.swift in Sources */ = {isa = PBXBuildFile; fileRef = 9EA19B8C257CE6E80002516A /* FindBallsApp.swift */; };
		9EA19B90257CE8450002516A /* ViewRouter.swift in Sources */ = {isa = PBXBuildFile; fileRef = 9EA19B8F257CE8450002516A /* ViewRouter.swift */; };
		9EAE39D92576B2FA004A7483 /* WelcomeView.swift in Sources */ = {isa = PBXBuildFile; fileRef = 9EAE39D82576B2FA004A7483 /* WelcomeView.swift */; };
		9EAE39E12576E552004A7483 /* Color.swift in Sources */ = {isa = PBXBuildFile; fileRef = 9EAE39E02576E552004A7483 /* Color.swift */; };
		9EAE39E52576E6EA004A7483 /* Constants.swift in Sources */ = {isa = PBXBuildFile; fileRef = 9EAE39E42576E6EA004A7483 /* Constants.swift */; };
		9EAE39F02576F38A004A7483 /* VisualEffectView.swift in Sources */ = {isa = PBXBuildFile; fileRef = 9EAE39EF2576F389004A7483 /* VisualEffectView.swift */; };
		9EAE39F62577B6DD004A7483 /* TabBar.swift in Sources */ = {isa = PBXBuildFile; fileRef = 9EAE39F52577B6DD004A7483 /* TabBar.swift */; };
		9EAE9A2C2577D99C00F0AB8A /* BackgroundUIView.swift in Sources */ = {isa = PBXBuildFile; fileRef = 9EAE9A2B2577D99C00F0AB8A /* BackgroundUIView.swift */; };
		9EAE9A312577E20800F0AB8A /* LightFall.sks in Resources */ = {isa = PBXBuildFile; fileRef = 9EAE9A2F2577E20700F0AB8A /* LightFall.sks */; };
		9EAE9A322577E20800F0AB8A /* LightFallBig.sks in Resources */ = {isa = PBXBuildFile; fileRef = 9EAE9A302577E20800F0AB8A /* LightFallBig.sks */; };
		9EB7BEC225792EB600250139 /* Assets.xcassets in Resources */ = {isa = PBXBuildFile; fileRef = 9EB7BEC125792EB600250139 /* Assets.xcassets */; };
		9ED0D3B8257D47F7004B3F88 /* GoogleService-Info.plist in Resources */ = {isa = PBXBuildFile; fileRef = 9ED0D3B7257D47F7004B3F88 /* GoogleService-Info.plist */; };
		9ED0D3BB257D487E004B3F88 /* FirestoreReferenceManager.swift in Sources */ = {isa = PBXBuildFile; fileRef = 9ED0D3BA257D487E004B3F88 /* FirestoreReferenceManager.swift */; };
		9ED0D3BF257D4893004B3F88 /* FirebaseKeys.swift in Sources */ = {isa = PBXBuildFile; fileRef = 9ED0D3BE257D4893004B3F88 /* FirebaseKeys.swift */; };
		9ED0D3C2257D48BB004B3F88 /* FirebaseManager.swift in Sources */ = {isa = PBXBuildFile; fileRef = 9ED0D3C1257D48BB004B3F88 /* FirebaseManager.swift */; };
		9ED0D432257D50D4004B3F88 /* GameKit.framework in Frameworks */ = {isa = PBXBuildFile; fileRef = 9ED0D431257D50D4004B3F88 /* GameKit.framework */; };
		9ED0D439257D54B4004B3F88 /* GameCenterManager.swift in Sources */ = {isa = PBXBuildFile; fileRef = 9ED0D438257D54B4004B3F88 /* GameCenterManager.swift */; };
		9ED0D43C257D66D8004B3F88 /* LoadingViewModel.swift in Sources */ = {isa = PBXBuildFile; fileRef = 9ED0D43B257D66D8004B3F88 /* LoadingViewModel.swift */; };
		9ED0D460257E71D8004B3F88 /* User.swift in Sources */ = {isa = PBXBuildFile; fileRef = 9ED0D45F257E71D7004B3F88 /* User.swift */; };
		9ED0D464258143BA004B3F88 /* UserService.swift in Sources */ = {isa = PBXBuildFile; fileRef = 9ED0D463258143BA004B3F88 /* UserService.swift */; };
		9ED0D4872581469A004B3F88 /* DatabaseFields.swift in Sources */ = {isa = PBXBuildFile; fileRef = 9ED0D4862581469A004B3F88 /* DatabaseFields.swift */; };
/* End PBXBuildFile section */

/* Begin PBXFileReference section */
		47D21CCF9CD67401CCAEF8B1 /* Pods_Find_Balls.framework */ = {isa = PBXFileReference; explicitFileType = wrapper.framework; includeInIndex = 0; path = Pods_Find_Balls.framework; sourceTree = BUILT_PRODUCTS_DIR; };
		6F9CBE9F1A73ACB6765B9AA2 /* Pods-Find Balls.release.xcconfig */ = {isa = PBXFileReference; includeInIndex = 1; lastKnownFileType = text.xcconfig; name = "Pods-Find Balls.release.xcconfig"; path = "Target Support Files/Pods-Find Balls/Pods-Find Balls.release.xcconfig"; sourceTree = "<group>"; };
		7D0F2EA955F2EA3BD5CC9E6B /* Pods-Find Balls.debug.xcconfig */ = {isa = PBXFileReference; includeInIndex = 1; lastKnownFileType = text.xcconfig; name = "Pods-Find Balls.debug.xcconfig"; path = "Target Support Files/Pods-Find Balls/Pods-Find Balls.debug.xcconfig"; sourceTree = "<group>"; };
		9E20294D256D78A300A318BF /* Find Balls.app */ = {isa = PBXFileReference; explicitFileType = wrapper.application; includeInIndex = 0; path = "Find Balls.app"; sourceTree = BUILT_PRODUCTS_DIR; };
		9E202950256D78A300A318BF /* AppDelegate.swift */ = {isa = PBXFileReference; lastKnownFileType = sourcecode.swift; path = AppDelegate.swift; sourceTree = "<group>"; };
		9E202952256D78A300A318BF /* SceneDelegate.swift */ = {isa = PBXFileReference; lastKnownFileType = sourcecode.swift; path = SceneDelegate.swift; sourceTree = "<group>"; };
		9E202954256D78A300A318BF /* ContentView.swift */ = {isa = PBXFileReference; lastKnownFileType = sourcecode.swift; path = ContentView.swift; sourceTree = "<group>"; };
		9E202959256D78AD00A318BF /* Preview Assets.xcassets */ = {isa = PBXFileReference; lastKnownFileType = folder.assetcatalog; path = "Preview Assets.xcassets"; sourceTree = "<group>"; };
		9E20295C256D78AD00A318BF /* Base */ = {isa = PBXFileReference; lastKnownFileType = file.storyboard; name = Base; path = Base.lproj/LaunchScreen.storyboard; sourceTree = "<group>"; };
		9E20295E256D78AD00A318BF /* Info.plist */ = {isa = PBXFileReference; lastKnownFileType = text.plist.xml; path = Info.plist; sourceTree = "<group>"; };
		9E399CFC25828E3800C247B7 /* GKAuthenticationView.swift */ = {isa = PBXFileReference; lastKnownFileType = sourcecode.swift; path = GKAuthenticationView.swift; sourceTree = "<group>"; };
		9E399D3F2583FFA600C247B7 /* LoadingBackgroundView.swift */ = {isa = PBXFileReference; lastKnownFileType = sourcecode.swift; path = LoadingBackgroundView.swift; sourceTree = "<group>"; };
		9E531CDC2579521C00776DEB /* GradientButtonStyle.swift */ = {isa = PBXFileReference; lastKnownFileType = sourcecode.swift; path = GradientButtonStyle.swift; sourceTree = "<group>"; };
		9E5D89D2257BA6570098EF31 /* LottieView.swift */ = {isa = PBXFileReference; lastKnownFileType = sourcecode.swift; path = LottieView.swift; sourceTree = "<group>"; };
		9E5D89D7257BA7370098EF31 /* LoadingContentView.swift */ = {isa = PBXFileReference; lastKnownFileType = sourcecode.swift; path = LoadingContentView.swift; sourceTree = "<group>"; };
		9E5D89DA257BA77C0098EF31 /* Loading.json */ = {isa = PBXFileReference; fileEncoding = 4; lastKnownFileType = text.json; path = Loading.json; sourceTree = "<group>"; };
		9E5D89DE257BB2620098EF31 /* LoadingView.swift */ = {isa = PBXFileReference; lastKnownFileType = sourcecode.swift; path = LoadingView.swift; sourceTree = "<group>"; };
		9E5F62B8257A811700119D83 /* ru */ = {isa = PBXFileReference; lastKnownFileType = text.plist.strings; name = ru; path = ru.lproj/LaunchScreen.strings; sourceTree = "<group>"; };
		9E5F62BF257A81A900119D83 /* en */ = {isa = PBXFileReference; lastKnownFileType = text.plist.strings; name = en; path = en.lproj/Localizable.strings; sourceTree = "<group>"; };
		9E5F62C1257A81BB00119D83 /* ru */ = {isa = PBXFileReference; lastKnownFileType = text.plist.strings; name = ru; path = ru.lproj/Localizable.strings; sourceTree = "<group>"; };
		9E5F62C2257A861100119D83 /* LocalizableKeys.swift */ = {isa = PBXFileReference; lastKnownFileType = sourcecode.swift; path = LocalizableKeys.swift; sourceTree = "<group>"; };
		9EA19B8C257CE6E80002516A /* FindBallsApp.swift */ = {isa = PBXFileReference; lastKnownFileType = sourcecode.swift; path = FindBallsApp.swift; sourceTree = "<group>"; };
		9EA19B8F257CE8450002516A /* ViewRouter.swift */ = {isa = PBXFileReference; lastKnownFileType = sourcecode.swift; path = ViewRouter.swift; sourceTree = "<group>"; };
		9EAE39D82576B2FA004A7483 /* WelcomeView.swift */ = {isa = PBXFileReference; lastKnownFileType = sourcecode.swift; path = WelcomeView.swift; sourceTree = "<group>"; };
		9EAE39E02576E552004A7483 /* Color.swift */ = {isa = PBXFileReference; lastKnownFileType = sourcecode.swift; path = Color.swift; sourceTree = "<group>"; };
		9EAE39E42576E6EA004A7483 /* Constants.swift */ = {isa = PBXFileReference; lastKnownFileType = sourcecode.swift; path = Constants.swift; sourceTree = "<group>"; };
		9EAE39EF2576F389004A7483 /* VisualEffectView.swift */ = {isa = PBXFileReference; lastKnownFileType = sourcecode.swift; path = VisualEffectView.swift; sourceTree = "<group>"; };
		9EAE39F52577B6DD004A7483 /* TabBar.swift */ = {isa = PBXFileReference; lastKnownFileType = sourcecode.swift; path = TabBar.swift; sourceTree = "<group>"; };
		9EAE9A2B2577D99C00F0AB8A /* BackgroundUIView.swift */ = {isa = PBXFileReference; lastKnownFileType = sourcecode.swift; path = BackgroundUIView.swift; sourceTree = "<group>"; };
		9EAE9A2F2577E20700F0AB8A /* LightFall.sks */ = {isa = PBXFileReference; lastKnownFileType = file.sks; path = LightFall.sks; sourceTree = "<group>"; };
		9EAE9A302577E20800F0AB8A /* LightFallBig.sks */ = {isa = PBXFileReference; lastKnownFileType = file.sks; path = LightFallBig.sks; sourceTree = "<group>"; };
		9EB7BEC125792EB600250139 /* Assets.xcassets */ = {isa = PBXFileReference; lastKnownFileType = folder.assetcatalog; path = Assets.xcassets; sourceTree = "<group>"; };
		9ED0D3B7257D47F7004B3F88 /* GoogleService-Info.plist */ = {isa = PBXFileReference; fileEncoding = 4; lastKnownFileType = text.plist.xml; path = "GoogleService-Info.plist"; sourceTree = "<group>"; };
		9ED0D3BA257D487E004B3F88 /* FirestoreReferenceManager.swift */ = {isa = PBXFileReference; lastKnownFileType = sourcecode.swift; path = FirestoreReferenceManager.swift; sourceTree = "<group>"; };
		9ED0D3BE257D4893004B3F88 /* FirebaseKeys.swift */ = {isa = PBXFileReference; lastKnownFileType = sourcecode.swift; path = FirebaseKeys.swift; sourceTree = "<group>"; };
		9ED0D3C1257D48BB004B3F88 /* FirebaseManager.swift */ = {isa = PBXFileReference; lastKnownFileType = sourcecode.swift; path = FirebaseManager.swift; sourceTree = "<group>"; };
		9ED0D431257D50D4004B3F88 /* GameKit.framework */ = {isa = PBXFileReference; lastKnownFileType = wrapper.framework; name = GameKit.framework; path = System/Library/Frameworks/GameKit.framework; sourceTree = SDKROOT; };
		9ED0D438257D54B4004B3F88 /* GameCenterManager.swift */ = {isa = PBXFileReference; lastKnownFileType = sourcecode.swift; path = GameCenterManager.swift; sourceTree = "<group>"; };
		9ED0D43B257D66D8004B3F88 /* LoadingViewModel.swift */ = {isa = PBXFileReference; lastKnownFileType = sourcecode.swift; path = LoadingViewModel.swift; sourceTree = "<group>"; };
		9ED0D45C257E6C3D004B3F88 /* Find Balls.entitlements */ = {isa = PBXFileReference; lastKnownFileType = text.plist.entitlements; path = "Find Balls.entitlements"; sourceTree = "<group>"; };
		9ED0D45F257E71D7004B3F88 /* User.swift */ = {isa = PBXFileReference; lastKnownFileType = sourcecode.swift; path = User.swift; sourceTree = "<group>"; };
		9ED0D463258143BA004B3F88 /* UserService.swift */ = {isa = PBXFileReference; lastKnownFileType = sourcecode.swift; path = UserService.swift; sourceTree = "<group>"; };
		9ED0D4862581469A004B3F88 /* DatabaseFields.swift */ = {isa = PBXFileReference; lastKnownFileType = sourcecode.swift; path = DatabaseFields.swift; sourceTree = "<group>"; };
/* End PBXFileReference section */

/* Begin PBXFrameworksBuildPhase section */
		9E20294A256D78A300A318BF /* Frameworks */ = {
			isa = PBXFrameworksBuildPhase;
			buildActionMask = 2147483647;
			files = (
				3C1A3E36F0D50EFA86453903 /* Pods_Find_Balls.framework in Frameworks */,
				9ED0D432257D50D4004B3F88 /* GameKit.framework in Frameworks */,
			);
			runOnlyForDeploymentPostprocessing = 0;
		};
/* End PBXFrameworksBuildPhase section */

/* Begin PBXGroup section */
		4A6566A8B6B7E1C53595BB63 /* Frameworks */ = {
			isa = PBXGroup;
			children = (
				9ED0D431257D50D4004B3F88 /* GameKit.framework */,
				47D21CCF9CD67401CCAEF8B1 /* Pods_Find_Balls.framework */,
			);
			name = Frameworks;
			sourceTree = "<group>";
		};
		9E1334AC2577E4F500455797 /* Reusables */ = {
			isa = PBXGroup;
			children = (
				9EAE9A2B2577D99C00F0AB8A /* BackgroundUIView.swift */,
				9E531CDC2579521C00776DEB /* GradientButtonStyle.swift */,
			);
			path = Reusables;
			sourceTree = "<group>";
		};
		9E1334B22577EFEF00455797 /* Content */ = {
			isa = PBXGroup;
			children = (
				9EB7BEC125792EB600250139 /* Assets.xcassets */,
				9E1334B32577EFFD00455797 /* Animations */,
			);
			path = Content;
			sourceTree = "<group>";
		};
		9E1334B32577EFFD00455797 /* Animations */ = {
			isa = PBXGroup;
			children = (
				9E5D89DA257BA77C0098EF31 /* Loading.json */,
				9EAE9A302577E20800F0AB8A /* LightFallBig.sks */,
				9EAE9A2F2577E20700F0AB8A /* LightFall.sks */,
			);
			path = Animations;
			sourceTree = "<group>";
		};
		9E202944256D78A300A318BF = {
			isa = PBXGroup;
			children = (
				9E20294F256D78A300A318BF /* Find Balls */,
				9E20294E256D78A300A318BF /* Products */,
				C6E029D0E42128803DF23E51 /* Pods */,
				4A6566A8B6B7E1C53595BB63 /* Frameworks */,
			);
			sourceTree = "<group>";
		};
		9E20294E256D78A300A318BF /* Products */ = {
			isa = PBXGroup;
			children = (
				9E20294D256D78A300A318BF /* Find Balls.app */,
			);
			name = Products;
			sourceTree = "<group>";
		};
		9E20294F256D78A300A318BF /* Find Balls */ = {
			isa = PBXGroup;
			children = (
				9E399D3D2583FDF100C247B7 /* App */,
				9EAE39E72576E786004A7483 /* Actions */,
				9ED0D45E257E71C7004B3F88 /* Models */,
				9ED0D4622581439A004B3F88 /* Services */,
				9EAE39E32576E6D2004A7483 /* Utilities */,
				9E1334AC2577E4F500455797 /* Reusables */,
				9EAE39DF2576E542004A7483 /* Extentions */,
				9E1334B22577EFEF00455797 /* Content */,
				9E5F62BA257A813000119D83 /* Localization */,
				9EAE39F52577B6DD004A7483 /* TabBar.swift */,
				9ED0D3B7257D47F7004B3F88 /* GoogleService-Info.plist */,
				9E20295B256D78AD00A318BF /* LaunchScreen.storyboard */,
				9E20295E256D78AD00A318BF /* Info.plist */,
				9ED0D45C257E6C3D004B3F88 /* Find Balls.entitlements */,
				9E202958256D78AD00A318BF /* Preview Content */,
			);
			path = "Find Balls";
			sourceTree = "<group>";
		};
		9E202958256D78AD00A318BF /* Preview Content */ = {
			isa = PBXGroup;
			children = (
				9E202959256D78AD00A318BF /* Preview Assets.xcassets */,
			);
			path = "Preview Content";
			sourceTree = "<group>";
		};
		9E399D3D2583FDF100C247B7 /* App */ = {
			isa = PBXGroup;
			children = (
				9E202950256D78A300A318BF /* AppDelegate.swift */,
				9E202952256D78A300A318BF /* SceneDelegate.swift */,
			);
			path = App;
			sourceTree = "<group>";
		};
		9E5D89E1257BB8770098EF31 /* Loading */ = {
			isa = PBXGroup;
			children = (
				9E5D89DE257BB2620098EF31 /* LoadingView.swift */,
				9E5D89D7257BA7370098EF31 /* LoadingContentView.swift */,
				9ED0D43B257D66D8004B3F88 /* LoadingViewModel.swift */,
				9E399D3F2583FFA600C247B7 /* LoadingBackgroundView.swift */,
			);
			path = Loading;
			sourceTree = "<group>";
		};
		9E5F62BA257A813000119D83 /* Localization */ = {
			isa = PBXGroup;
			children = (
				9E5F62C2257A861100119D83 /* LocalizableKeys.swift */,
				9E5F62C0257A81A900119D83 /* Localizable.strings */,
			);
			path = Localization;
			sourceTree = "<group>";
		};
		9EAE39DF2576E542004A7483 /* Extentions */ = {
			isa = PBXGroup;
			children = (
				9EAE39E02576E552004A7483 /* Color.swift */,
			);
			path = Extentions;
			sourceTree = "<group>";
		};
		9EAE39E32576E6D2004A7483 /* Utilities */ = {
			isa = PBXGroup;
			children = (
				9EAE39E42576E6EA004A7483 /* Constants.swift */,
				9EAE39EF2576F389004A7483 /* VisualEffectView.swift */,
				9ED0D3C1257D48BB004B3F88 /* FirebaseManager.swift */,
				9ED0D3BE257D4893004B3F88 /* FirebaseKeys.swift */,
				9ED0D3BA257D487E004B3F88 /* FirestoreReferenceManager.swift */,
				9ED0D438257D54B4004B3F88 /* GameCenterManager.swift */,
				9E5D89D2257BA6570098EF31 /* LottieView.swift */,
				9ED0D4862581469A004B3F88 /* DatabaseFields.swift */,
				9E399CFC25828E3800C247B7 /* GKAuthenticationView.swift */,
			);
			path = Utilities;
			sourceTree = "<group>";
		};
		9EAE39E72576E786004A7483 /* Actions */ = {
			isa = PBXGroup;
			children = (
				9EAE39E92576E7C4004A7483 /* Home */,
				9EAE39E82576E7B9004A7483 /* Welcome */,
				9E5D89E1257BB8770098EF31 /* Loading */,
				9EA19B8C257CE6E80002516A /* FindBallsApp.swift */,
				9EA19B8F257CE8450002516A /* ViewRouter.swift */,
				9E202954256D78A300A318BF /* ContentView.swift */,
			);
			path = Actions;
			sourceTree = "<group>";
		};
		9EAE39E82576E7B9004A7483 /* Welcome */ = {
			isa = PBXGroup;
			children = (
				9EAE39D82576B2FA004A7483 /* WelcomeView.swift */,
			);
			path = Welcome;
			sourceTree = "<group>";
		};
		9EAE39E92576E7C4004A7483 /* Home */ = {
			isa = PBXGroup;
			children = (
			);
			path = Home;
			sourceTree = "<group>";
		};
		9ED0D45E257E71C7004B3F88 /* Models */ = {
			isa = PBXGroup;
			children = (
				9ED0D45F257E71D7004B3F88 /* User.swift */,
			);
			path = Models;
			sourceTree = "<group>";
		};
		9ED0D4622581439A004B3F88 /* Services */ = {
			isa = PBXGroup;
			children = (
				9ED0D463258143BA004B3F88 /* UserService.swift */,
			);
			path = Services;
			sourceTree = "<group>";
		};
		C6E029D0E42128803DF23E51 /* Pods */ = {
			isa = PBXGroup;
			children = (
				7D0F2EA955F2EA3BD5CC9E6B /* Pods-Find Balls.debug.xcconfig */,
				6F9CBE9F1A73ACB6765B9AA2 /* Pods-Find Balls.release.xcconfig */,
			);
			path = Pods;
			sourceTree = "<group>";
		};
/* End PBXGroup section */

/* Begin PBXNativeTarget section */
		9E20294C256D78A300A318BF /* Find Balls */ = {
			isa = PBXNativeTarget;
			buildConfigurationList = 9E202961256D78AD00A318BF /* Build configuration list for PBXNativeTarget "Find Balls" */;
			buildPhases = (
				65B37E5F58770F4FDC8051DF /* [CP] Check Pods Manifest.lock */,
				9E202949256D78A300A318BF /* Sources */,
				9E20294A256D78A300A318BF /* Frameworks */,
				9E20294B256D78A300A318BF /* Resources */,
				D056E75096740D6DC800ABE7 /* [CP] Embed Pods Frameworks */,
			);
			buildRules = (
			);
			dependencies = (
			);
			name = "Find Balls";
			productName = "find-balls";
			productReference = 9E20294D256D78A300A318BF /* Find Balls.app */;
			productType = "com.apple.product-type.application";
		};
/* End PBXNativeTarget section */

/* Begin PBXProject section */
		9E202945256D78A300A318BF /* Project object */ = {
			isa = PBXProject;
			attributes = {
				LastSwiftUpdateCheck = 1220;
				LastUpgradeCheck = 1220;
				TargetAttributes = {
					9E20294C256D78A300A318BF = {
						CreatedOnToolsVersion = 12.2;
					};
				};
			};
			buildConfigurationList = 9E202948256D78A300A318BF /* Build configuration list for PBXProject "Find Balls" */;
			compatibilityVersion = "Xcode 9.3";
			developmentRegion = en;
			hasScannedForEncodings = 0;
			knownRegions = (
				en,
				Base,
				ru,
			);
			mainGroup = 9E202944256D78A300A318BF;
			productRefGroup = 9E20294E256D78A300A318BF /* Products */;
			projectDirPath = "";
			projectRoot = "";
			targets = (
				9E20294C256D78A300A318BF /* Find Balls */,
			);
		};
/* End PBXProject section */

/* Begin PBXResourcesBuildPhase section */
		9E20294B256D78A300A318BF /* Resources */ = {
			isa = PBXResourcesBuildPhase;
			buildActionMask = 2147483647;
			files = (
				9E20295D256D78AD00A318BF /* LaunchScreen.storyboard in Resources */,
				9ED0D3B8257D47F7004B3F88 /* GoogleService-Info.plist in Resources */,
				9E5D89DB257BA77C0098EF31 /* Loading.json in Resources */,
				9E5F62BE257A81A900119D83 /* Localizable.strings in Resources */,
				9E20295A256D78AD00A318BF /* Preview Assets.xcassets in Resources */,
				9EAE9A312577E20800F0AB8A /* LightFall.sks in Resources */,
				9EAE9A322577E20800F0AB8A /* LightFallBig.sks in Resources */,
				9EB7BEC225792EB600250139 /* Assets.xcassets in Resources */,
			);
			runOnlyForDeploymentPostprocessing = 0;
		};
/* End PBXResourcesBuildPhase section */

/* Begin PBXShellScriptBuildPhase section */
		65B37E5F58770F4FDC8051DF /* [CP] Check Pods Manifest.lock */ = {
			isa = PBXShellScriptBuildPhase;
			buildActionMask = 2147483647;
			files = (
			);
			inputFileListPaths = (
			);
			inputPaths = (
				"${PODS_PODFILE_DIR_PATH}/Podfile.lock",
				"${PODS_ROOT}/Manifest.lock",
			);
			name = "[CP] Check Pods Manifest.lock";
			outputFileListPaths = (
			);
			outputPaths = (
				"$(DERIVED_FILE_DIR)/Pods-Find Balls-checkManifestLockResult.txt",
			);
			runOnlyForDeploymentPostprocessing = 0;
			shellPath = /bin/sh;
			shellScript = "diff \"${PODS_PODFILE_DIR_PATH}/Podfile.lock\" \"${PODS_ROOT}/Manifest.lock\" > /dev/null\nif [ $? != 0 ] ; then\n    # print error to STDERR\n    echo \"error: The sandbox is not in sync with the Podfile.lock. Run 'pod install' or update your CocoaPods installation.\" >&2\n    exit 1\nfi\n# This output is used by Xcode 'outputs' to avoid re-running this script phase.\necho \"SUCCESS\" > \"${SCRIPT_OUTPUT_FILE_0}\"\n";
			showEnvVarsInLog = 0;
		};
		D056E75096740D6DC800ABE7 /* [CP] Embed Pods Frameworks */ = {
			isa = PBXShellScriptBuildPhase;
			buildActionMask = 2147483647;
			files = (
			);
			inputFileListPaths = (
				"${PODS_ROOT}/Target Support Files/Pods-Find Balls/Pods-Find Balls-frameworks-${CONFIGURATION}-input-files.xcfilelist",
			);
			name = "[CP] Embed Pods Frameworks";
			outputFileListPaths = (
				"${PODS_ROOT}/Target Support Files/Pods-Find Balls/Pods-Find Balls-frameworks-${CONFIGURATION}-output-files.xcfilelist",
			);
			runOnlyForDeploymentPostprocessing = 0;
			shellPath = /bin/sh;
			shellScript = "\"${PODS_ROOT}/Target Support Files/Pods-Find Balls/Pods-Find Balls-frameworks.sh\"\n";
			showEnvVarsInLog = 0;
		};
/* End PBXShellScriptBuildPhase section */

/* Begin PBXSourcesBuildPhase section */
		9E202949256D78A300A318BF /* Sources */ = {
			isa = PBXSourcesBuildPhase;
			buildActionMask = 2147483647;
			files = (
				9ED0D3BB257D487E004B3F88 /* FirestoreReferenceManager.swift in Sources */,
				9E399CFD25828E3900C247B7 /* GKAuthenticationView.swift in Sources */,
				9E202951256D78A300A318BF /* AppDelegate.swift in Sources */,
				9EAE39D92576B2FA004A7483 /* WelcomeView.swift in Sources */,
				9E531CDD2579521C00776DEB /* GradientButtonStyle.swift in Sources */,
				9E399D402583FFA600C247B7 /* LoadingBackgroundView.swift in Sources */,
				9EAE39F02576F38A004A7483 /* VisualEffectView.swift in Sources */,
				9EA19B8D257CE6E80002516A /* FindBallsApp.swift in Sources */,
				9EAE39F62577B6DD004A7483 /* TabBar.swift in Sources */,
				9ED0D464258143BA004B3F88 /* UserService.swift in Sources */,
				9E202953256D78A300A318BF /* SceneDelegate.swift in Sources */,
				9ED0D439257D54B4004B3F88 /* GameCenterManager.swift in Sources */,
				9EA19B90257CE8450002516A /* ViewRouter.swift in Sources */,
				9ED0D460257E71D8004B3F88 /* User.swift in Sources */,
				9ED0D3C2257D48BB004B3F88 /* FirebaseManager.swift in Sources */,
				9EAE9A2C2577D99C00F0AB8A /* BackgroundUIView.swift in Sources */,
				9EAE39E12576E552004A7483 /* Color.swift in Sources */,
				9E202955256D78A300A318BF /* ContentView.swift in Sources */,
				9ED0D3BF257D4893004B3F88 /* FirebaseKeys.swift in Sources */,
				9E5F62C3257A861100119D83 /* LocalizableKeys.swift in Sources */,
				9EAE39E52576E6EA004A7483 /* Constants.swift in Sources */,
				9ED0D4872581469A004B3F88 /* DatabaseFields.swift in Sources */,
				9ED0D43C257D66D8004B3F88 /* LoadingViewModel.swift in Sources */,
				9E5D89D8257BA7370098EF31 /* LoadingContentView.swift in Sources */,
				9E5D89D3257BA6570098EF31 /* LottieView.swift in Sources */,
				9E5D89DF257BB2620098EF31 /* LoadingView.swift in Sources */,
			);
			runOnlyForDeploymentPostprocessing = 0;
		};
/* End PBXSourcesBuildPhase section */

/* Begin PBXVariantGroup section */
		9E20295B256D78AD00A318BF /* LaunchScreen.storyboard */ = {
			isa = PBXVariantGroup;
			children = (
				9E20295C256D78AD00A318BF /* Base */,
				9E5F62B8257A811700119D83 /* ru */,
			);
			name = LaunchScreen.storyboard;
			sourceTree = "<group>";
		};
		9E5F62C0257A81A900119D83 /* Localizable.strings */ = {
			isa = PBXVariantGroup;
			children = (
				9E5F62BF257A81A900119D83 /* en */,
				9E5F62C1257A81BB00119D83 /* ru */,
			);
			name = Localizable.strings;
			sourceTree = "<group>";
		};
/* End PBXVariantGroup section */

/* Begin XCBuildConfiguration section */
		9E20295F256D78AD00A318BF /* Debug */ = {
			isa = XCBuildConfiguration;
			buildSettings = {
				ALWAYS_SEARCH_USER_PATHS = NO;
				CLANG_ANALYZER_LOCALIZABILITY_NONLOCALIZED = YES;
				CLANG_ANALYZER_NONNULL = YES;
				CLANG_ANALYZER_NUMBER_OBJECT_CONVERSION = YES_AGGRESSIVE;
				CLANG_CXX_LANGUAGE_STANDARD = "gnu++14";
				CLANG_CXX_LIBRARY = "libc++";
				CLANG_ENABLE_MODULES = YES;
				CLANG_ENABLE_OBJC_ARC = YES;
				CLANG_ENABLE_OBJC_WEAK = YES;
				CLANG_WARN_BLOCK_CAPTURE_AUTORELEASING = YES;
				CLANG_WARN_BOOL_CONVERSION = YES;
				CLANG_WARN_COMMA = YES;
				CLANG_WARN_CONSTANT_CONVERSION = YES;
				CLANG_WARN_DEPRECATED_OBJC_IMPLEMENTATIONS = YES;
				CLANG_WARN_DIRECT_OBJC_ISA_USAGE = YES_ERROR;
				CLANG_WARN_DOCUMENTATION_COMMENTS = YES;
				CLANG_WARN_EMPTY_BODY = YES;
				CLANG_WARN_ENUM_CONVERSION = YES;
				CLANG_WARN_INFINITE_RECURSION = YES;
				CLANG_WARN_INT_CONVERSION = YES;
				CLANG_WARN_NON_LITERAL_NULL_CONVERSION = YES;
				CLANG_WARN_OBJC_IMPLICIT_RETAIN_SELF = YES;
				CLANG_WARN_OBJC_LITERAL_CONVERSION = YES;
				CLANG_WARN_OBJC_ROOT_CLASS = YES_ERROR;
				CLANG_WARN_QUOTED_INCLUDE_IN_FRAMEWORK_HEADER = YES;
				CLANG_WARN_RANGE_LOOP_ANALYSIS = YES;
				CLANG_WARN_STRICT_PROTOTYPES = YES;
				CLANG_WARN_SUSPICIOUS_MOVE = YES;
				CLANG_WARN_UNGUARDED_AVAILABILITY = YES_AGGRESSIVE;
				CLANG_WARN_UNREACHABLE_CODE = YES;
				CLANG_WARN__DUPLICATE_METHOD_MATCH = YES;
				COPY_PHASE_STRIP = NO;
				DEBUG_INFORMATION_FORMAT = dwarf;
				ENABLE_STRICT_OBJC_MSGSEND = YES;
				ENABLE_TESTABILITY = YES;
				GCC_C_LANGUAGE_STANDARD = gnu11;
				GCC_DYNAMIC_NO_PIC = NO;
				GCC_NO_COMMON_BLOCKS = YES;
				GCC_OPTIMIZATION_LEVEL = 0;
				GCC_PREPROCESSOR_DEFINITIONS = (
					"DEBUG=1",
					"$(inherited)",
				);
				GCC_WARN_64_TO_32_BIT_CONVERSION = YES;
				GCC_WARN_ABOUT_RETURN_TYPE = YES_ERROR;
				GCC_WARN_UNDECLARED_SELECTOR = YES;
				GCC_WARN_UNINITIALIZED_AUTOS = YES_AGGRESSIVE;
				GCC_WARN_UNUSED_FUNCTION = YES;
				GCC_WARN_UNUSED_VARIABLE = YES;
				IPHONEOS_DEPLOYMENT_TARGET = 13.0;
				MTL_ENABLE_DEBUG_INFO = INCLUDE_SOURCE;
				MTL_FAST_MATH = YES;
				ONLY_ACTIVE_ARCH = YES;
				SDKROOT = iphoneos;
				SWIFT_ACTIVE_COMPILATION_CONDITIONS = DEBUG;
				SWIFT_OPTIMIZATION_LEVEL = "-Onone";
			};
			name = Debug;
		};
		9E202960256D78AD00A318BF /* Release */ = {
			isa = XCBuildConfiguration;
			buildSettings = {
				ALWAYS_SEARCH_USER_PATHS = NO;
				CLANG_ANALYZER_LOCALIZABILITY_NONLOCALIZED = YES;
				CLANG_ANALYZER_NONNULL = YES;
				CLANG_ANALYZER_NUMBER_OBJECT_CONVERSION = YES_AGGRESSIVE;
				CLANG_CXX_LANGUAGE_STANDARD = "gnu++14";
				CLANG_CXX_LIBRARY = "libc++";
				CLANG_ENABLE_MODULES = YES;
				CLANG_ENABLE_OBJC_ARC = YES;
				CLANG_ENABLE_OBJC_WEAK = YES;
				CLANG_WARN_BLOCK_CAPTURE_AUTORELEASING = YES;
				CLANG_WARN_BOOL_CONVERSION = YES;
				CLANG_WARN_COMMA = YES;
				CLANG_WARN_CONSTANT_CONVERSION = YES;
				CLANG_WARN_DEPRECATED_OBJC_IMPLEMENTATIONS = YES;
				CLANG_WARN_DIRECT_OBJC_ISA_USAGE = YES_ERROR;
				CLANG_WARN_DOCUMENTATION_COMMENTS = YES;
				CLANG_WARN_EMPTY_BODY = YES;
				CLANG_WARN_ENUM_CONVERSION = YES;
				CLANG_WARN_INFINITE_RECURSION = YES;
				CLANG_WARN_INT_CONVERSION = YES;
				CLANG_WARN_NON_LITERAL_NULL_CONVERSION = YES;
				CLANG_WARN_OBJC_IMPLICIT_RETAIN_SELF = YES;
				CLANG_WARN_OBJC_LITERAL_CONVERSION = YES;
				CLANG_WARN_OBJC_ROOT_CLASS = YES_ERROR;
				CLANG_WARN_QUOTED_INCLUDE_IN_FRAMEWORK_HEADER = YES;
				CLANG_WARN_RANGE_LOOP_ANALYSIS = YES;
				CLANG_WARN_STRICT_PROTOTYPES = YES;
				CLANG_WARN_SUSPICIOUS_MOVE = YES;
				CLANG_WARN_UNGUARDED_AVAILABILITY = YES_AGGRESSIVE;
				CLANG_WARN_UNREACHABLE_CODE = YES;
				CLANG_WARN__DUPLICATE_METHOD_MATCH = YES;
				COPY_PHASE_STRIP = NO;
				DEBUG_INFORMATION_FORMAT = "dwarf-with-dsym";
				ENABLE_NS_ASSERTIONS = NO;
				ENABLE_STRICT_OBJC_MSGSEND = YES;
				GCC_C_LANGUAGE_STANDARD = gnu11;
				GCC_NO_COMMON_BLOCKS = YES;
				GCC_WARN_64_TO_32_BIT_CONVERSION = YES;
				GCC_WARN_ABOUT_RETURN_TYPE = YES_ERROR;
				GCC_WARN_UNDECLARED_SELECTOR = YES;
				GCC_WARN_UNINITIALIZED_AUTOS = YES_AGGRESSIVE;
				GCC_WARN_UNUSED_FUNCTION = YES;
				GCC_WARN_UNUSED_VARIABLE = YES;
				IPHONEOS_DEPLOYMENT_TARGET = 13.0;
				MTL_ENABLE_DEBUG_INFO = NO;
				MTL_FAST_MATH = YES;
				SDKROOT = iphoneos;
				SWIFT_COMPILATION_MODE = wholemodule;
				SWIFT_OPTIMIZATION_LEVEL = "-O";
				VALIDATE_PRODUCT = YES;
			};
			name = Release;
		};
		9E202962256D78AD00A318BF /* Debug */ = {
			isa = XCBuildConfiguration;
			baseConfigurationReference = 7D0F2EA955F2EA3BD5CC9E6B /* Pods-Find Balls.debug.xcconfig */;
			buildSettings = {
				ASSETCATALOG_COMPILER_APPICON_NAME = AppIcon;
				ASSETCATALOG_COMPILER_GLOBAL_ACCENT_COLOR_NAME = AccentColor;
				CODE_SIGN_ENTITLEMENTS = "Find Balls/Find Balls.entitlements";
				CODE_SIGN_STYLE = Automatic;
				DEVELOPMENT_ASSET_PATHS = "\"Find Balls/Preview Content\"";
				DEVELOPMENT_TEAM = YAN4DT9JX2;
				ENABLE_PREVIEWS = YES;
				INFOPLIST_FILE = "Find Balls/Info.plist";
				LD_RUNPATH_SEARCH_PATHS = (
					"$(inherited)",
					"@executable_path/Frameworks",
				);
				PRODUCT_BUNDLE_IDENTIFIER = com.vladyslavlietun.FindBall;
				PRODUCT_NAME = "$(TARGET_NAME)";
				SUPPORTS_MACCATALYST = NO;
				SWIFT_VERSION = 5.0;
				TARGETED_DEVICE_FAMILY = "1,2";
			};
			name = Debug;
		};
		9E202963256D78AD00A318BF /* Release */ = {
			isa = XCBuildConfiguration;
			baseConfigurationReference = 6F9CBE9F1A73ACB6765B9AA2 /* Pods-Find Balls.release.xcconfig */;
			buildSettings = {
				ASSETCATALOG_COMPILER_APPICON_NAME = AppIcon;
				ASSETCATALOG_COMPILER_GLOBAL_ACCENT_COLOR_NAME = AccentColor;
				CODE_SIGN_ENTITLEMENTS = "Find Balls/Find Balls.entitlements";
				CODE_SIGN_STYLE = Automatic;
				DEVELOPMENT_ASSET_PATHS = "\"Find Balls/Preview Content\"";
				DEVELOPMENT_TEAM = YAN4DT9JX2;
				ENABLE_PREVIEWS = YES;
				INFOPLIST_FILE = "Find Balls/Info.plist";
				LD_RUNPATH_SEARCH_PATHS = (
					"$(inherited)",
					"@executable_path/Frameworks",
				);
				PRODUCT_BUNDLE_IDENTIFIER = com.vladyslavlietun.FindBall;
				PRODUCT_NAME = "$(TARGET_NAME)";
				SUPPORTS_MACCATALYST = NO;
				SWIFT_VERSION = 5.0;
				TARGETED_DEVICE_FAMILY = "1,2";
			};
			name = Release;
		};
/* End XCBuildConfiguration section */

/* Begin XCConfigurationList section */
		9E202948256D78A300A318BF /* Build configuration list for PBXProject "Find Balls" */ = {
			isa = XCConfigurationList;
			buildConfigurations = (
				9E20295F256D78AD00A318BF /* Debug */,
				9E202960256D78AD00A318BF /* Release */,
			);
			defaultConfigurationIsVisible = 0;
			defaultConfigurationName = Release;
		};
		9E202961256D78AD00A318BF /* Build configuration list for PBXNativeTarget "Find Balls" */ = {
			isa = XCConfigurationList;
			buildConfigurations = (
				9E202962256D78AD00A318BF /* Debug */,
				9E202963256D78AD00A318BF /* Release */,
			);
			defaultConfigurationIsVisible = 0;
			defaultConfigurationName = Release;
		};
/* End XCConfigurationList section */
	};
	rootObject = 9E202945256D78A300A318BF /* Project object */;
}
